
Microsoft Visual Studio Solution File, Format Version 12.00
# Visual Studio Version 16
VisualStudioVersion = 16.0.29613.14
MinimumVisualStudioVersion = 10.0.40219.1
Project("{2150E333-8FDC-42A3-9474-1A3956D46DE8}") = "Services", "Services", "{DA4A1BD1-F732-47B4-9304-390F8EF88457}"
EndProject
Project("{2150E333-8FDC-42A3-9474-1A3956D46DE8}") = "Tests", "Tests", "{10EF21B6-22DF-4529-904B-AC994357C10F}"
EndProject
Project("{2150E333-8FDC-42A3-9474-1A3956D46DE8}") = "Libraries", "Libraries", "{53072955-0259-4F03-AA0C-D6ACDD6F2FD6}"
EndProject
Project("{9A19103F-16F7-4668-BE54-9A1E7A4F7556}") = "SimpleSearch.Storage.Blobs", "SimpleSearch.Storage.Blobs\SimpleSearch.Storage.Blobs.csproj", "{0C2909ED-D615-4773-8237-9201CE2C3419}"
EndProject
Project("{9A19103F-16F7-4668-BE54-9A1E7A4F7556}") = "SimpleSearch.Storage.DocumentDb", "SimpleSearch.Storage.DocumentDb\SimpleSearch.Storage.DocumentDb.csproj", "{372334D5-FC25-412B-A24B-6D9793E9E912}"
EndProject
Project("{E53339B2-1760-4266-BCC7-CA923CBCF16C}") = "docker-compose", "docker-compose.dcproj", "{68EC78E8-2765-4D24-8495-3F3F56416045}"
EndProject
Project("{2150E333-8FDC-42A3-9474-1A3956D46DE8}") = "Solution Items", "Solution Items", "{11225A41-05D1-453E-B2DF-89198C2FCE31}"
	ProjectSection(SolutionItems) = preProject
		.env = .env
		.gitignore = .gitignore
	EndProjectSection
EndProject
Project("{9A19103F-16F7-4668-BE54-9A1E7A4F7556}") = "SimpleSearch.Messages", "SimpleSearch.Messages\SimpleSearch.Messages.csproj", "{8B3C7B92-1D6F-442C-AF89-C68CE98AC889}"
EndProject
Project("{9A19103F-16F7-4668-BE54-9A1E7A4F7556}") = "SimpleSearch.EventBus", "SimpleSearch.EventBus\SimpleSearch.EventBus.csproj", "{2C5FB21C-AF98-41DF-86DA-9CAAD2024704}"
EndProject
Project("{9A19103F-16F7-4668-BE54-9A1E7A4F7556}") = "SimpleSearch.Analyzer.Functions", "SimpleSearch.Analyzer.Functions\SimpleSearch.Analyzer.Functions.csproj", "{464CFB04-B6FB-4CF0-9953-AD263626D2C8}"
EndProject
Project("{9A19103F-16F7-4668-BE54-9A1E7A4F7556}") = "SimpleSearch.Uploader", "SimpleSearch.Uploader\SimpleSearch.Uploader.csproj", "{AFAF8A09-3EC5-4F77-839F-54FAA9F343DA}"
EndProject
Project("{9A19103F-16F7-4668-BE54-9A1E7A4F7556}") = "SimpleSearch.Indexer.Functions", "SimpleSearch.Indexer.Functions\SimpleSearch.Indexer.Functions.csproj", "{8FD8874D-E2DB-4F48-B058-6074EEA79B35}"
EndProject
Project("{9A19103F-16F7-4668-BE54-9A1E7A4F7556}") = "SimpleSearch.Indexer", "SimpleSearch.Indexer\SimpleSearch.Indexer.csproj", "{1C56BAF0-67FF-4E3E-8CC3-02C317CC019F}"
EndProject
Project("{2150E333-8FDC-42A3-9474-1A3956D46DE8}") = "Uploader", "Uploader", "{EE4FD9FE-EE76-471B-ABA4-1BB012C900D0}"
EndProject
Project("{2150E333-8FDC-42A3-9474-1A3956D46DE8}") = "Indexer", "Indexer", "{4006F9BD-74CF-4D75-A776-2D1D84C117DB}"
EndProject
Project("{2150E333-8FDC-42A3-9474-1A3956D46DE8}") = "Analyzer", "Analyzer", "{F11ACC4F-43EC-4DBB-8625-17FB1BAFFFAF}"
EndProject
Project("{9A19103F-16F7-4668-BE54-9A1E7A4F7556}") = "SimpleSearch.Indexer.Shared", "SimpleSearch.Indexer.Shared\SimpleSearch.Indexer.Shared.csproj", "{AEB65372-B391-4FB8-BF14-50817D380627}"
EndProject
Project("{9A19103F-16F7-4668-BE54-9A1E7A4F7556}") = "SimpleSearch.Storage.Cache", "SimpleSearch.Storage.Cache\SimpleSearch.Storage.Cache.csproj", "{DC91AAD1-195D-4B80-9A63-E25B04844E51}"
EndProject
Project("{2150E333-8FDC-42A3-9474-1A3956D46DE8}") = "Unit", "Unit", "{43C43271-6249-4710-A06C-95FC201266BF}"
	ProjectSection(SolutionItems) = preProject
		SimpleSearch.Uploader\Application\Repositories\MongoSessionsRepository.cs = SimpleSearch.Uploader\Application\Repositories\MongoSessionsRepository.cs
	EndProjectSection
EndProject
Project("{2150E333-8FDC-42A3-9474-1A3956D46DE8}") = "Services", "Services", "{DC8E4D34-A388-49E6-8266-F1E64B855F5A}"
EndProject
Project("{2150E333-8FDC-42A3-9474-1A3956D46DE8}") = "Uploader", "Uploader", "{6B68FD8C-3B59-4A42-B81A-64877B045C94}"
EndProject
Project("{9A19103F-16F7-4668-BE54-9A1E7A4F7556}") = "SimpleSearch.Uploader.Tests", "..\tests\SimpleSearch.Uploader.Tests\SimpleSearch.Uploader.Tests.csproj", "{6CFF0EF3-9E4D-44E1-8902-666B37168136}"
EndProject
Project("{2150E333-8FDC-42A3-9474-1A3956D46DE8}") = "Analyzer", "Analyzer", "{A0C04B11-5D70-4968-BF7F-F2B04565CB03}"
EndProject
Project("{FAE04EC0-301F-11D3-BF4B-00C04F79EFBC}") = "SimpleSearch.Analyzer.Functions.Tests", "..\tests\SimpleSearch.Analyzer.Functions.Tests\SimpleSearch.Analyzer.Functions.Tests.csproj", "{133405A5-CC15-4EC2-B1C0-F8E8DFEB05D7}"
EndProject
Global
	GlobalSection(SolutionConfigurationPlatforms) = preSolution
		Debug|Any CPU = Debug|Any CPU
		Release|Any CPU = Release|Any CPU
	EndGlobalSection
	GlobalSection(ProjectConfigurationPlatforms) = postSolution
		{0C2909ED-D615-4773-8237-9201CE2C3419}.Debug|Any CPU.ActiveCfg = Debug|Any CPU
		{0C2909ED-D615-4773-8237-9201CE2C3419}.Debug|Any CPU.Build.0 = Debug|Any CPU
		{0C2909ED-D615-4773-8237-9201CE2C3419}.Release|Any CPU.ActiveCfg = Release|Any CPU
		{0C2909ED-D615-4773-8237-9201CE2C3419}.Release|Any CPU.Build.0 = Release|Any CPU
		{372334D5-FC25-412B-A24B-6D9793E9E912}.Debug|Any CPU.ActiveCfg = Debug|Any CPU
		{372334D5-FC25-412B-A24B-6D9793E9E912}.Debug|Any CPU.Build.0 = Debug|Any CPU
		{372334D5-FC25-412B-A24B-6D9793E9E912}.Release|Any CPU.ActiveCfg = Release|Any CPU
		{372334D5-FC25-412B-A24B-6D9793E9E912}.Release|Any CPU.Build.0 = Release|Any CPU
		{68EC78E8-2765-4D24-8495-3F3F56416045}.Debug|Any CPU.ActiveCfg = Debug|Any CPU
		{68EC78E8-2765-4D24-8495-3F3F56416045}.Debug|Any CPU.Build.0 = Debug|Any CPU
		{68EC78E8-2765-4D24-8495-3F3F56416045}.Release|Any CPU.ActiveCfg = Release|Any CPU
		{68EC78E8-2765-4D24-8495-3F3F56416045}.Release|Any CPU.Build.0 = Release|Any CPU
		{8B3C7B92-1D6F-442C-AF89-C68CE98AC889}.Debug|Any CPU.ActiveCfg = Debug|Any CPU
		{8B3C7B92-1D6F-442C-AF89-C68CE98AC889}.Debug|Any CPU.Build.0 = Debug|Any CPU
		{8B3C7B92-1D6F-442C-AF89-C68CE98AC889}.Release|Any CPU.ActiveCfg = Release|Any CPU
		{8B3C7B92-1D6F-442C-AF89-C68CE98AC889}.Release|Any CPU.Build.0 = Release|Any CPU
		{2C5FB21C-AF98-41DF-86DA-9CAAD2024704}.Debug|Any CPU.ActiveCfg = Debug|Any CPU
		{2C5FB21C-AF98-41DF-86DA-9CAAD2024704}.Debug|Any CPU.Build.0 = Debug|Any CPU
		{2C5FB21C-AF98-41DF-86DA-9CAAD2024704}.Release|Any CPU.ActiveCfg = Release|Any CPU
		{2C5FB21C-AF98-41DF-86DA-9CAAD2024704}.Release|Any CPU.Build.0 = Release|Any CPU
		{464CFB04-B6FB-4CF0-9953-AD263626D2C8}.Debug|Any CPU.ActiveCfg = Debug|Any CPU
		{464CFB04-B6FB-4CF0-9953-AD263626D2C8}.Debug|Any CPU.Build.0 = Debug|Any CPU
		{464CFB04-B6FB-4CF0-9953-AD263626D2C8}.Release|Any CPU.ActiveCfg = Release|Any CPU
		{464CFB04-B6FB-4CF0-9953-AD263626D2C8}.Release|Any CPU.Build.0 = Release|Any CPU
		{AFAF8A09-3EC5-4F77-839F-54FAA9F343DA}.Debug|Any CPU.ActiveCfg = Debug|Any CPU
		{AFAF8A09-3EC5-4F77-839F-54FAA9F343DA}.Debug|Any CPU.Build.0 = Debug|Any CPU
		{AFAF8A09-3EC5-4F77-839F-54FAA9F343DA}.Release|Any CPU.ActiveCfg = Release|Any CPU
		{AFAF8A09-3EC5-4F77-839F-54FAA9F343DA}.Release|Any CPU.Build.0 = Release|Any CPU
		{8FD8874D-E2DB-4F48-B058-6074EEA79B35}.Debug|Any CPU.ActiveCfg = Debug|Any CPU
		{8FD8874D-E2DB-4F48-B058-6074EEA79B35}.Debug|Any CPU.Build.0 = Debug|Any CPU
		{8FD8874D-E2DB-4F48-B058-6074EEA79B35}.Release|Any CPU.ActiveCfg = Release|Any CPU
		{8FD8874D-E2DB-4F48-B058-6074EEA79B35}.Release|Any CPU.Build.0 = Release|Any CPU
		{1C56BAF0-67FF-4E3E-8CC3-02C317CC019F}.Debug|Any CPU.ActiveCfg = Debug|Any CPU
		{1C56BAF0-67FF-4E3E-8CC3-02C317CC019F}.Debug|Any CPU.Build.0 = Debug|Any CPU
		{1C56BAF0-67FF-4E3E-8CC3-02C317CC019F}.Release|Any CPU.ActiveCfg = Release|Any CPU
		{1C56BAF0-67FF-4E3E-8CC3-02C317CC019F}.Release|Any CPU.Build.0 = Release|Any CPU
		{AEB65372-B391-4FB8-BF14-50817D380627}.Debug|Any CPU.ActiveCfg = Debug|Any CPU
		{AEB65372-B391-4FB8-BF14-50817D380627}.Debug|Any CPU.Build.0 = Debug|Any CPU
		{AEB65372-B391-4FB8-BF14-50817D380627}.Release|Any CPU.ActiveCfg = Release|Any CPU
		{AEB65372-B391-4FB8-BF14-50817D380627}.Release|Any CPU.Build.0 = Release|Any CPU
		{DC91AAD1-195D-4B80-9A63-E25B04844E51}.Debug|Any CPU.ActiveCfg = Debug|Any CPU
		{DC91AAD1-195D-4B80-9A63-E25B04844E51}.Debug|Any CPU.Build.0 = Debug|Any CPU
		{DC91AAD1-195D-4B80-9A63-E25B04844E51}.Release|Any CPU.ActiveCfg = Release|Any CPU
		{DC91AAD1-195D-4B80-9A63-E25B04844E51}.Release|Any CPU.Build.0 = Release|Any CPU
		{6CFF0EF3-9E4D-44E1-8902-666B37168136}.Debug|Any CPU.ActiveCfg = Debug|Any CPU
		{6CFF0EF3-9E4D-44E1-8902-666B37168136}.Debug|Any CPU.Build.0 = Debug|Any CPU
		{6CFF0EF3-9E4D-44E1-8902-666B37168136}.Release|Any CPU.ActiveCfg = Release|Any CPU
		{6CFF0EF3-9E4D-44E1-8902-666B37168136}.Release|Any CPU.Build.0 = Release|Any CPU
		{133405A5-CC15-4EC2-B1C0-F8E8DFEB05D7}.Debug|Any CPU.ActiveCfg = Debug|Any CPU
		{133405A5-CC15-4EC2-B1C0-F8E8DFEB05D7}.Debug|Any CPU.Build.0 = Debug|Any CPU
		{133405A5-CC15-4EC2-B1C0-F8E8DFEB05D7}.Release|Any CPU.ActiveCfg = Release|Any CPU
		{133405A5-CC15-4EC2-B1C0-F8E8DFEB05D7}.Release|Any CPU.Build.0 = Release|Any CPU
	EndGlobalSection
	GlobalSection(SolutionProperties) = preSolution
		HideSolutionNode = FALSE
	EndGlobalSection
	GlobalSection(NestedProjects) = preSolution
		{0C2909ED-D615-4773-8237-9201CE2C3419} = {53072955-0259-4F03-AA0C-D6ACDD6F2FD6}
		{372334D5-FC25-412B-A24B-6D9793E9E912} = {53072955-0259-4F03-AA0C-D6ACDD6F2FD6}
		{8B3C7B92-1D6F-442C-AF89-C68CE98AC889} = {53072955-0259-4F03-AA0C-D6ACDD6F2FD6}
		{2C5FB21C-AF98-41DF-86DA-9CAAD2024704} = {53072955-0259-4F03-AA0C-D6ACDD6F2FD6}
		{464CFB04-B6FB-4CF0-9953-AD263626D2C8} = {F11ACC4F-43EC-4DBB-8625-17FB1BAFFFAF}
		{AFAF8A09-3EC5-4F77-839F-54FAA9F343DA} = {EE4FD9FE-EE76-471B-ABA4-1BB012C900D0}
		{8FD8874D-E2DB-4F48-B058-6074EEA79B35} = {4006F9BD-74CF-4D75-A776-2D1D84C117DB}
		{1C56BAF0-67FF-4E3E-8CC3-02C317CC019F} = {4006F9BD-74CF-4D75-A776-2D1D84C117DB}
		{EE4FD9FE-EE76-471B-ABA4-1BB012C900D0} = {DA4A1BD1-F732-47B4-9304-390F8EF88457}
		{4006F9BD-74CF-4D75-A776-2D1D84C117DB} = {DA4A1BD1-F732-47B4-9304-390F8EF88457}
		{F11ACC4F-43EC-4DBB-8625-17FB1BAFFFAF} = {DA4A1BD1-F732-47B4-9304-390F8EF88457}
		{AEB65372-B391-4FB8-BF14-50817D380627} = {4006F9BD-74CF-4D75-A776-2D1D84C117DB}
		{DC91AAD1-195D-4B80-9A63-E25B04844E51} = {53072955-0259-4F03-AA0C-D6ACDD6F2FD6}
		{43C43271-6249-4710-A06C-95FC201266BF} = {10EF21B6-22DF-4529-904B-AC994357C10F}
		{DC8E4D34-A388-49E6-8266-F1E64B855F5A} = {43C43271-6249-4710-A06C-95FC201266BF}
		{6B68FD8C-3B59-4A42-B81A-64877B045C94} = {DC8E4D34-A388-49E6-8266-F1E64B855F5A}
		{6CFF0EF3-9E4D-44E1-8902-666B37168136} = {6B68FD8C-3B59-4A42-B81A-64877B045C94}
		{A0C04B11-5D70-4968-BF7F-F2B04565CB03} = {DC8E4D34-A388-49E6-8266-F1E64B855F5A}
		{133405A5-CC15-4EC2-B1C0-F8E8DFEB05D7} = {A0C04B11-5D70-4968-BF7F-F2B04565CB03}
	EndGlobalSection
	GlobalSection(ExtensibilityGlobals) = postSolution
		SolutionGuid = {F2285115-41CA-4044-987F-E857C632F1F2}
	EndGlobalSection
EndGlobal
